{
  "name": "log-records",
  "version": "1.0.0",
  "lockfileVersion": 1,
  "requires": true,
  "dependencies": {
    "date-and-time": {
      "version": "2.0.0",
      "resolved": "https://registry.npmjs.org/date-and-time/-/date-and-time-2.0.0.tgz",
      "integrity": "sha512-HJSzj25iPm8E01nt+rSmCIlwjsmjvKfUivG/kXBglpymcHF1FolWAqWwTEV4FvN1Lx5UjPf0J1W4H8yQsVBfFg=="
    },
    "readline-sync": {
      "version": "1.4.10",
      "resolved": "https://registry.npmjs.org/readline-sync/-/readline-sync-1.4.10.tgz",
      "integrity": "sha512-gNva8/6UAe8QYepIQH/jQ2qn91Qj0B9sYjMBBs3QOB8F2CXcKgLxQaJRP76sWVRQt+QU+8fAkCbCvjjMFu7Ycw=="
    }
  }
}
